PODS:
  - FireMock (3.1)
  - Operation-iOS (2.0.1)

DEPENDENCIES:
  - FireMock
  - Operation-iOS (from `../`)

SPEC REPOS:
  trunk:
    - FireMock

EXTERNAL SOURCES:
  Operation-iOS:
    :path: "../"

SPEC CHECKSUMS:
  FireMock: 3eed872059c12f94855413347da83b9d6d1a6fac
  Operation-iOS: 5f1c2cb82bf10f46b92faefc92d5821550b14eb5

PODFILE CHECKSUM: 21245c941ca5010b01f1009b7d426a5b9bbe2def

COCOAPODS: 1.15.2
