{
  "pins" : [
    {
      "identity" : "logger-ios",
      "kind" : "remoteSourceControl",
      "location" : "https://github.com/novasamatech/logger-ios",
      "state" : {
        "revision" : "067337bd88bcb3fe61b208bc3050fa2e22670340",
        "version" : "0.1.0"
      }
    }
  ],
  "version" : 2
}
